
Microsoft Visual Studio Solution File, Format Version 12.00
# Visual Studio 16
Project("{FAE04EC0-301F-11D3-BF4B-00C04F79EFBC}") = "PhotonUnityNetworking.Demos", "PhotonUnityNetworking.Demos.csproj", "{D7CF7E84-64D0-068F-864B-CA7BF6B664D4}"
EndProject
Project("{FAE04EC0-301F-11D3-BF4B-00C04F79EFBC}") = "PhotonUnityNetworking.Utilities", "PhotonUnityNetworking.Utilities.csproj", "{E4196C32-AAE7-6F09-AD49-EBEA70C73088}"
EndProject
Project("{FAE04EC0-301F-11D3-BF4B-00C04F79EFBC}") = "PhotonChat", "PhotonChat.csproj", "{CDE0931F-8291-BE15-4E6A-F6CCDB71443E}"
EndProject
Project("{FAE04EC0-301F-11D3-BF4B-00C04F79EFBC}") = "PhotonUnityNetworking", "PhotonUnityNetworking.csproj", "{1B81CEC7-716F-2C68-8810-89DA458C3CD8}"
EndProject
Project("{FAE04EC0-301F-11D3-BF4B-00C04F79EFBC}") = "Assembly-CSharp", "Assembly-CSharp.csproj", "{6C7A673C-70E1-80CC-72D1-5941A9357641}"
EndProject
Project("{FAE04EC0-301F-11D3-BF4B-00C04F79EFBC}") = "PhotonRealtime", "PhotonRealtime.csproj", "{8E97A06C-5465-EA45-CADD-C9891017C1D2}"
EndProject
Project("{FAE04EC0-301F-11D3-BF4B-00C04F79EFBC}") = "PhotonWebSocket", "PhotonWebSocket.csproj", "{99CDCF02-F47B-5A81-5E3D-5CB48DE7F689}"
EndProject
Project("{FAE04EC0-301F-11D3-BF4B-00C04F79EFBC}") = "PhotonUnityNetworking.Editor", "PhotonUnityNetworking.Editor.csproj", "{CC857F95-C1BE-DA6A-F5CB-463895EB6079}"
EndProject
Project("{FAE04EC0-301F-11D3-BF4B-00C04F79EFBC}") = "PunDemos.DemoHubEditor", "PunDemos.DemoHubEditor.csproj", "{1B32D50E-A54C-6511-F218-A67E7046C9E7}"
EndProject
Project("{FAE04EC0-301F-11D3-BF4B-00C04F79EFBC}") = "PhotonUnityNetworking.Utilities.PhotonPlayer.Editor", "PhotonUnityNetworking.Utilities.PhotonPlayer.Editor.csproj", "{47BE2DA7-D9E1-9FDF-48D4-1DACBD787741}"
EndProject
Project("{FAE04EC0-301F-11D3-BF4B-00C04F79EFBC}") = "PhotonUnityNetworking.Utilities.Culling.Editor", "PhotonUnityNetworking.Utilities.Culling.Editor.csproj", "{7936459D-C1C8-145B-6C1C-432172B30FE8}"
EndProject
Project("{FAE04EC0-301F-11D3-BF4B-00C04F79EFBC}") = "PunDemos.DemoSlotcarEditor", "PunDemos.DemoSlotcarEditor.csproj", "{8FD93E91-3836-21AD-147D-1F50FEACC9C6}"
EndProject
Global
	GlobalSection(SolutionConfigurationPlatforms) = preSolution
		Debug|Any CPU = Debug|Any CPU
		Release|Any CPU = Release|Any CPU
	EndGlobalSection
	GlobalSection(ProjectConfigurationPlatforms) = postSolution
		{D7CF7E84-64D0-068F-864B-CA7BF6B664D4}.Debug|Any CPU.ActiveCfg = Debug|Any CPU
		{D7CF7E84-64D0-068F-864B-CA7BF6B664D4}.Debug|Any CPU.Build.0 = Debug|Any CPU
		{D7CF7E84-64D0-068F-864B-CA7BF6B664D4}.Release|Any CPU.ActiveCfg = Release|Any CPU
		{D7CF7E84-64D0-068F-864B-CA7BF6B664D4}.Release|Any CPU.Build.0 = Release|Any CPU
		{E4196C32-AAE7-6F09-AD49-EBEA70C73088}.Debug|Any CPU.ActiveCfg = Debug|Any CPU
		{E4196C32-AAE7-6F09-AD49-EBEA70C73088}.Debug|Any CPU.Build.0 = Debug|Any CPU
		{E4196C32-AAE7-6F09-AD49-EBEA70C73088}.Release|Any CPU.ActiveCfg = Release|Any CPU
		{E4196C32-AAE7-6F09-AD49-EBEA70C73088}.Release|Any CPU.Build.0 = Release|Any CPU
		{CDE0931F-8291-BE15-4E6A-F6CCDB71443E}.Debug|Any CPU.ActiveCfg = Debug|Any CPU
		{CDE0931F-8291-BE15-4E6A-F6CCDB71443E}.Debug|Any CPU.Build.0 = Debug|Any CPU
		{CDE0931F-8291-BE15-4E6A-F6CCDB71443E}.Release|Any CPU.ActiveCfg = Release|Any CPU
		{CDE0931F-8291-BE15-4E6A-F6CCDB71443E}.Release|Any CPU.Build.0 = Release|Any CPU
		{1B81CEC7-716F-2C68-8810-89DA458C3CD8}.Debug|Any CPU.ActiveCfg = Debug|Any CPU
		{1B81CEC7-716F-2C68-8810-89DA458C3CD8}.Debug|Any CPU.Build.0 = Debug|Any CPU
		{1B81CEC7-716F-2C68-8810-89DA458C3CD8}.Release|Any CPU.ActiveCfg = Release|Any CPU
		{1B81CEC7-716F-2C68-8810-89DA458C3CD8}.Release|Any CPU.Build.0 = Release|Any CPU
		{6C7A673C-70E1-80CC-72D1-5941A9357641}.Debug|Any CPU.ActiveCfg = Debug|Any CPU
		{6C7A673C-70E1-80CC-72D1-5941A9357641}.Debug|Any CPU.Build.0 = Debug|Any CPU
		{6C7A673C-70E1-80CC-72D1-5941A9357641}.Release|Any CPU.ActiveCfg = Release|Any CPU
		{6C7A673C-70E1-80CC-72D1-5941A9357641}.Release|Any CPU.Build.0 = Release|Any CPU
		{8E97A06C-5465-EA45-CADD-C9891017C1D2}.Debug|Any CPU.ActiveCfg = Debug|Any CPU
		{8E97A06C-5465-EA45-CADD-C9891017C1D2}.Debug|Any CPU.Build.0 = Debug|Any CPU
		{8E97A06C-5465-EA45-CADD-C9891017C1D2}.Release|Any CPU.ActiveCfg = Release|Any CPU
		{8E97A06C-5465-EA45-CADD-C9891017C1D2}.Release|Any CPU.Build.0 = Release|Any CPU
		{99CDCF02-F47B-5A81-5E3D-5CB48DE7F689}.Debug|Any CPU.ActiveCfg = Debug|Any CPU
		{99CDCF02-F47B-5A81-5E3D-5CB48DE7F689}.Debug|Any CPU.Build.0 = Debug|Any CPU
		{99CDCF02-F47B-5A81-5E3D-5CB48DE7F689}.Release|Any CPU.ActiveCfg = Release|Any CPU
		{99CDCF02-F47B-5A81-5E3D-5CB48DE7F689}.Release|Any CPU.Build.0 = Release|Any CPU
		{CC857F95-C1BE-DA6A-F5CB-463895EB6079}.Debug|Any CPU.ActiveCfg = Debug|Any CPU
		{CC857F95-C1BE-DA6A-F5CB-463895EB6079}.Debug|Any CPU.Build.0 = Debug|Any CPU
		{CC857F95-C1BE-DA6A-F5CB-463895EB6079}.Release|Any CPU.ActiveCfg = Release|Any CPU
		{CC857F95-C1BE-DA6A-F5CB-463895EB6079}.Release|Any CPU.Build.0 = Release|Any CPU
		{1B32D50E-A54C-6511-F218-A67E7046C9E7}.Debug|Any CPU.ActiveCfg = Debug|Any CPU
		{1B32D50E-A54C-6511-F218-A67E7046C9E7}.Debug|Any CPU.Build.0 = Debug|Any CPU
		{1B32D50E-A54C-6511-F218-A67E7046C9E7}.Release|Any CPU.ActiveCfg = Release|Any CPU
		{1B32D50E-A54C-6511-F218-A67E7046C9E7}.Release|Any CPU.Build.0 = Release|Any CPU
		{47BE2DA7-D9E1-9FDF-48D4-1DACBD787741}.Debug|Any CPU.ActiveCfg = Debug|Any CPU
		{47BE2DA7-D9E1-9FDF-48D4-1DACBD787741}.Debug|Any CPU.Build.0 = Debug|Any CPU
		{47BE2DA7-D9E1-9FDF-48D4-1DACBD787741}.Release|Any CPU.ActiveCfg = Release|Any CPU
		{47BE2DA7-D9E1-9FDF-48D4-1DACBD787741}.Release|Any CPU.Build.0 = Release|Any CPU
		{7936459D-C1C8-145B-6C1C-432172B30FE8}.Debug|Any CPU.ActiveCfg = Debug|Any CPU
		{7936459D-C1C8-145B-6C1C-432172B30FE8}.Debug|Any CPU.Build.0 = Debug|Any CPU
		{7936459D-C1C8-145B-6C1C-432172B30FE8}.Release|Any CPU.ActiveCfg = Release|Any CPU
		{7936459D-C1C8-145B-6C1C-432172B30FE8}.Release|Any CPU.Build.0 = Release|Any CPU
		{8FD93E91-3836-21AD-147D-1F50FEACC9C6}.Debug|Any CPU.ActiveCfg = Debug|Any CPU
		{8FD93E91-3836-21AD-147D-1F50FEACC9C6}.Debug|Any CPU.Build.0 = Debug|Any CPU
		{8FD93E91-3836-21AD-147D-1F50FEACC9C6}.Release|Any CPU.ActiveCfg = Release|Any CPU
		{8FD93E91-3836-21AD-147D-1F50FEACC9C6}.Release|Any CPU.Build.0 = Release|Any CPU
	EndGlobalSection
	GlobalSection(SolutionProperties) = preSolution
		HideSolutionNode = FALSE
	EndGlobalSection
EndGlobal
